
Microsoft Visual Studio Solution File, Format Version 12.00
# Visual Studio Version 17
VisualStudioVersion = 17.5.33424.131
MinimumVisualStudioVersion = 10.0.40219.1
Project("{FAE04EC0-301F-11D3-BF4B-00C04F79EFBC}") = "CPSC481CourseScheduler", "CPSC481CourseScheduler.csproj", "{4A3D3700-82A7-4653-B159-E47FF017B580}"
EndProject
Global
	GlobalSection(SolutionConfigurationPlatforms) = preSolution
		Debug|Any CPU = Debug|Any CPU
		Release|Any CPU = Release|Any CPU
	EndGlobalSection
	GlobalSection(ProjectConfigurationPlatforms) = postSolution
		{4A3D3700-82A7-4653-B159-E47FF017B580}.Debug|Any CPU.ActiveCfg = Debug|Any CPU
		{4A3D3700-82A7-4653-B159-E47FF017B580}.Debug|Any CPU.Build.0 = Debug|Any CPU
		{4A3D3700-82A7-4653-B159-E47FF017B580}.Release|Any CPU.ActiveCfg = Release|Any CPU
		{4A3D3700-82A7-4653-B159-E47FF017B580}.Release|Any CPU.Build.0 = Release|Any CPU
	EndGlobalSection
	GlobalSection(SolutionProperties) = preSolution
		HideSolutionNode = FALSE
	EndGlobalSection
	GlobalSection(ExtensibilityGlobals) = postSolution
		SolutionGuid = {EA65D758-A69D-4E6C-A318-E56A134126B2}
	EndGlobalSection
EndGlobal
