
Microsoft Visual Studio Solution File, Format Version 12.00
# Visual Studio Version 16
VisualStudioVersion = 25.0.1705.0
MinimumVisualStudioVersion = 10.0.40219.1
Project("{FAE04EC0-301F-11D3-BF4B-00C04F79EFBC}") = "CPSC481CourseScheduler", "CPSC481CourseScheduler.csproj", "{77138458-474A-48EA-A994-0BBDCED5571F}"
EndProject
Global
	GlobalSection(SolutionConfigurationPlatforms) = preSolution
		Debug|Any CPU = Debug|Any CPU
		Release|Any CPU = Release|Any CPU
	EndGlobalSection
	GlobalSection(ProjectConfigurationPlatforms) = postSolution
		{77138458-474A-48EA-A994-0BBDCED5571F}.Debug|Any CPU.ActiveCfg = Debug|Any CPU
		{77138458-474A-48EA-A994-0BBDCED5571F}.Debug|Any CPU.Build.0 = Debug|Any CPU
		{77138458-474A-48EA-A994-0BBDCED5571F}.Release|Any CPU.ActiveCfg = Release|Any CPU
		{77138458-474A-48EA-A994-0BBDCED5571F}.Release|Any CPU.Build.0 = Release|Any CPU
	EndGlobalSection
	GlobalSection(SolutionProperties) = preSolution
		HideSolutionNode = FALSE
	EndGlobalSection
	GlobalSection(ExtensibilityGlobals) = postSolution
		SolutionGuid = {580AF52A-B13C-4BDA-A703-64AED1A4F0C2}
	EndGlobalSection
EndGlobal
